// !$*UTF8*$!
{
	archiveVersion = 1;
	classes = {
	};
	objectVersion = 55;
	objects = {

/* Begin PBXBuildFile section */
		CCB8DCAE279509EC00233407 /* AppDelegate.swift in Sources */ = {isa = PBXBuildFile; fileRef = CCB8DCAD279509EC00233407 /* AppDelegate.swift */; };
		CCB8DCB0279509EC00233407 /* SceneDelegate.swift in Sources */ = {isa = PBXBuildFile; fileRef = CCB8DCAF279509EC00233407 /* SceneDelegate.swift */; };
		CCB8DCB2279509EC00233407 /* ViewController.swift in Sources */ = {isa = PBXBuildFile; fileRef = CCB8DCB1279509EC00233407 /* ViewController.swift */; };
		CCB8DCB5279509EC00233407 /* Main.storyboard in Resources */ = {isa = PBXBuildFile; fileRef = CCB8DCB3279509EC00233407 /* Main.storyboard */; };
		CCB8DCB7279509EE00233407 /* Assets.xcassets in Resources */ = {isa = PBXBuildFile; fileRef = CCB8DCB6279509EE00233407 /* Assets.xcassets */; };
		CCB8DCBA279509EE00233407 /* LaunchScreen.storyboard in Resources */ = {isa = PBXBuildFile; fileRef = CCB8DCB8279509EE00233407 /* LaunchScreen.storyboard */; };
		CCB8DCC327950A6200233407 /* MarketingCloudSDK in Frameworks */ = {isa = PBXBuildFile; productRef = CCB8DCC227950A6200233407 /* MarketingCloudSDK */; };
/* End PBXBuildFile section */

/* Begin PBXFileReference section */
		CCB8DCAA279509EC00233407 /* Test-SFMarketingCloudSDK.app */ = {isa = PBXFileReference; explicitFileType = wrapper.application; includeInIndex = 0; path = "Test-SFMarketingCloudSDK.app"; sourceTree = BUILT_PRODUCTS_DIR; };
		CCB8DCAD279509EC00233407 /* AppDelegate.swift */ = {isa = PBXFileReference; lastKnownFileType = sourcecode.swift; path = AppDelegate.swift; sourceTree = "<group>"; };
		CCB8DCAF279509EC00233407 /* SceneDelegate.swift */ = {isa = PBXFileReference; lastKnownFileType = sourcecode.swift; path = SceneDelegate.swift; sourceTree = "<group>"; };
		CCB8DCB1279509EC00233407 /* ViewController.swift */ = {isa = PBXFileReference; lastKnownFileType = sourcecode.swift; path = ViewController.swift; sourceTree = "<group>"; };
		CCB8DCB4279509EC00233407 /* Base */ = {isa = PBXFileReference; lastKnownFileType = file.storyboard; name = Base; path = Base.lproj/Main.storyboard; sourceTree = "<group>"; };
		CCB8DCB6279509EE00233407 /* Assets.xcassets */ = {isa = PBXFileReference; lastKnownFileType = folder.assetcatalog; path = Assets.xcassets; sourceTree = "<group>"; };
		CCB8DCB9279509EE00233407 /* Base */ = {isa = PBXFileReference; lastKnownFileType = file.storyboard; name = Base; path = Base.lproj/LaunchScreen.storyboard; sourceTree = "<group>"; };
		CCB8DCBB279509EE00233407 /* Info.plist */ = {isa = PBXFileReference; lastKnownFileType = text.plist.xml; path = Info.plist; sourceTree = "<group>"; };
/* End PBXFileReference section */

/* Begin PBXFrameworksBuildPhase section */
		CCB8DCA7279509EC00233407 /* Frameworks */ = {
			isa = PBXFrameworksBuildPhase;
			buildActionMask = 2147483647;
			files = (
				CCB8DCC327950A6200233407 /* MarketingCloudSDK in Frameworks */,
			);
			runOnlyForDeploymentPostprocessing = 0;
		};
/* End PBXFrameworksBuildPhase section */

/* Begin PBXGroup section */
		CCB8DCA1279509EC00233407 = {
			isa = PBXGroup;
			children = (
				CCB8DCAC279509EC00233407 /* Test-SFMarketingCloudSDK */,
				CCB8DCAB279509EC00233407 /* Products */,
			);
			sourceTree = "<group>";
		};
		CCB8DCAB279509EC00233407 /* Products */ = {
			isa = PBXGroup;
			children = (
				CCB8DCAA279509EC00233407 /* Test-SFMarketingCloudSDK.app */,
			);
			name = Products;
			sourceTree = "<group>";
		};
		CCB8DCAC279509EC00233407 /* Test-SFMarketingCloudSDK */ = {
			isa = PBXGroup;
			children = (
				CCB8DCAD279509EC00233407 /* AppDelegate.swift */,
				CCB8DCAF279509EC00233407 /* SceneDelegate.swift */,
				CCB8DCB1279509EC00233407 /* ViewController.swift */,
				CCB8DCB3279509EC00233407 /* Main.storyboard */,
				CCB8DCB6279509EE00233407 /* Assets.xcassets */,
				CCB8DCB8279509EE00233407 /* LaunchScreen.storyboard */,
				CCB8DCBB279509EE00233407 /* Info.plist */,
			);
			path = "Test-SFMarketingCloudSDK";
			sourceTree = "<group>";
		};
/* End PBXGroup section */

/* Begin PBXNativeTarget section */
		CCB8DCA9279509EC00233407 /* Test-SFMarketingCloudSDK */ = {
			isa = PBXNativeTarget;
			buildConfigurationList = CCB8DCBE279509EE00233407 /* Build configuration list for PBXNativeTarget "Test-SFMarketingCloudSDK" */;
			buildPhases = (
				CCB8DCA6279509EC00233407 /* Sources */,
				CCB8DCA7279509EC00233407 /* Frameworks */,
				CCB8DCA8279509EC00233407 /* Resources */,
			);
			buildRules = (
			);
			dependencies = (
			);
			name = "Test-SFMarketingCloudSDK";
			packageProductDependencies = (
				CCB8DCC227950A6200233407 /* MarketingCloudSDK */,
			);
			productName = "Test-SFMarketingCloudSDK";
			productReference = CCB8DCAA279509EC00233407 /* Test-SFMarketingCloudSDK.app */;
			productType = "com.apple.product-type.application";
		};
/* End PBXNativeTarget section */

/* Begin PBXProject section */
		CCB8DCA2279509EC00233407 /* Project object */ = {
			isa = PBXProject;
			attributes = {
				BuildIndependentTargetsInParallel = 1;
				LastSwiftUpdateCheck = 1320;
				LastUpgradeCheck = 1320;
				TargetAttributes = {
					CCB8DCA9279509EC00233407 = {
						CreatedOnToolsVersion = 13.2.1;
					};
				};
			};
			buildConfigurationList = CCB8DCA5279509EC00233407 /* Build configuration list for PBXProject "Test-SFMarketingCloudSDK" */;
			compatibilityVersion = "Xcode 13.0";
			developmentRegion = en;
			hasScannedForEncodings = 0;
			knownRegions = (
				en,
				Base,
			);
			mainGroup = CCB8DCA1279509EC00233407;
			packageReferences = (
				CCB8DCC127950A6200233407 /* XCRemoteSwiftPackageReference "MarketingCloudSDK-iOS" */,
			);
			productRefGroup = CCB8DCAB279509EC00233407 /* Products */;
			projectDirPath = "";
			projectRoot = "";
			targets = (
				CCB8DCA9279509EC00233407 /* Test-SFMarketingCloudSDK */,
			);
		};
/* End PBXProject section */

/* Begin PBXResourcesBuildPhase section */
		CCB8DCA8279509EC00233407 /* Resources */ = {
			isa = PBXResourcesBuildPhase;
			buildActionMask = 2147483647;
			files = (
				CCB8DCBA279509EE00233407 /* LaunchScreen.storyboard in Resources */,
				CCB8DCB7279509EE00233407 /* Assets.xcassets in Resources */,
				CCB8DCB5279509EC00233407 /* Main.storyboard in Resources */,
			);
			runOnlyForDeploymentPostprocessing = 0;
		};
/* End PBXResourcesBuildPhase section */

/* Begin PBXSourcesBuildPhase section */
		CCB8DCA6279509EC00233407 /* Sources */ = {
			isa = PBXSourcesBuildPhase;
			buildActionMask = 2147483647;
			files = (
				CCB8DCB2279509EC00233407 /* ViewController.swift in Sources */,
				CCB8DCAE279509EC00233407 /* AppDelegate.swift in Sources */,
				CCB8DCB0279509EC00233407 /* SceneDelegate.swift in Sources */,
			);
			runOnlyForDeploymentPostprocessing = 0;
		};
/* End PBXSourcesBuildPhase section */

/* Begin PBXVariantGroup section */
		CCB8DCB3279509EC00233407 /* Main.storyboard */ = {
			isa = PBXVariantGroup;
			children = (
				CCB8DCB4279509EC00233407 /* Base */,
			);
			name = Main.storyboard;
			sourceTree = "<group>";
		};
		CCB8DCB8279509EE00233407 /* LaunchScreen.storyboard */ = {
			isa = PBXVariantGroup;
			children = (
				CCB8DCB9279509EE00233407 /* Base */,
			);
			name = LaunchScreen.storyboard;
			sourceTree = "<group>";
		};
/* End PBXVariantGroup section */

/* Begin XCBuildConfiguration section */
		CCB8DCBC279509EE00233407 /* Debug */ = {
			isa = XCBuildConfiguration;
			buildSettings = {
				ALWAYS_SEARCH_USER_PATHS = NO;
				CLANG_ANALYZER_NONNULL = YES;
				CLANG_ANALYZER_NUMBER_OBJECT_CONVERSION = YES_AGGRESSIVE;
				CLANG_CXX_LANGUAGE_STANDARD = "gnu++17";
				CLANG_CXX_LIBRARY = "libc++";
				CLANG_ENABLE_MODULES = YES;
				CLANG_ENABLE_OBJC_ARC = YES;
				CLANG_ENABLE_OBJC_WEAK = YES;
				CLANG_WARN_BLOCK_CAPTURE_AUTORELEASING = YES;
				CLANG_WARN_BOOL_CONVERSION = YES;
				CLANG_WARN_COMMA = YES;
				CLANG_WARN_CONSTANT_CONVERSION = YES;
				CLANG_WARN_DEPRECATED_OBJC_IMPLEMENTATIONS = YES;
				CLANG_WARN_DIRECT_OBJC_ISA_USAGE = YES_ERROR;
				CLANG_WARN_DOCUMENTATION_COMMENTS = YES;
				CLANG_WARN_EMPTY_BODY = YES;
				CLANG_WARN_ENUM_CONVERSION = YES;
				CLANG_WARN_INFINITE_RECURSION = YES;
				CLANG_WARN_INT_CONVERSION = YES;
				CLANG_WARN_NON_LITERAL_NULL_CONVERSION = YES;
				CLANG_WARN_OBJC_IMPLICIT_RETAIN_SELF = YES;
				CLANG_WARN_OBJC_LITERAL_CONVERSION = YES;
				CLANG_WARN_OBJC_ROOT_CLASS = YES_ERROR;
				CLANG_WARN_QUOTED_INCLUDE_IN_FRAMEWORK_HEADER = YES;
				CLANG_WARN_RANGE_LOOP_ANALYSIS = YES;
				CLANG_WARN_STRICT_PROTOTYPES = YES;
				CLANG_WARN_SUSPICIOUS_MOVE = YES;
				CLANG_WARN_UNGUARDED_AVAILABILITY = YES_AGGRESSIVE;
				CLANG_WARN_UNREACHABLE_CODE = YES;
				CLANG_WARN__DUPLICATE_METHOD_MATCH = YES;
				COPY_PHASE_STRIP = NO;
				DEBUG_INFORMATION_FORMAT = dwarf;
				ENABLE_STRICT_OBJC_MSGSEND = YES;
				ENABLE_TESTABILITY = YES;
				GCC_C_LANGUAGE_STANDARD = gnu11;
				GCC_DYNAMIC_NO_PIC = NO;
				GCC_NO_COMMON_BLOCKS = YES;
				GCC_OPTIMIZATION_LEVEL = 0;
				GCC_PREPROCESSOR_DEFINITIONS = (
					"DEBUG=1",
					"$(inherited)",
				);
				GCC_WARN_64_TO_32_BIT_CONVERSION = YES;
				GCC_WARN_ABOUT_RETURN_TYPE = YES_ERROR;
				GCC_WARN_UNDECLARED_SELECTOR = YES;
				GCC_WARN_UNINITIALIZED_AUTOS = YES_AGGRESSIVE;
				GCC_WARN_UNUSED_FUNCTION = YES;
				GCC_WARN_UNUSED_VARIABLE = YES;
				IPHONEOS_DEPLOYMENT_TARGET = 15.2;
				MTL_ENABLE_DEBUG_INFO = INCLUDE_SOURCE;
				MTL_FAST_MATH = YES;
				ONLY_ACTIVE_ARCH = YES;
				SDKROOT = iphoneos;
				SWIFT_ACTIVE_COMPILATION_CONDITIONS = DEBUG;
				SWIFT_OPTIMIZATION_LEVEL = "-Onone";
			};
			name = Debug;
		};
		CCB8DCBD279509EE00233407 /* Release */ = {
			isa = XCBuildConfiguration;
			buildSettings = {
				ALWAYS_SEARCH_USER_PATHS = NO;
				CLANG_ANALYZER_NONNULL = YES;
				CLANG_ANALYZER_NUMBER_OBJECT_CONVERSION = YES_AGGRESSIVE;
				CLANG_CXX_LANGUAGE_STANDARD = "gnu++17";
				CLANG_CXX_LIBRARY = "libc++";
				CLANG_ENABLE_MODULES = YES;
				CLANG_ENABLE_OBJC_ARC = YES;
				CLANG_ENABLE_OBJC_WEAK = YES;
				CLANG_WARN_BLOCK_CAPTURE_AUTORELEASING = YES;
				CLANG_WARN_BOOL_CONVERSION = YES;
				CLANG_WARN_COMMA = YES;
				CLANG_WARN_CONSTANT_CONVERSION = YES;
				CLANG_WARN_DEPRECATED_OBJC_IMPLEMENTATIONS = YES;
				CLANG_WARN_DIRECT_OBJC_ISA_USAGE = YES_ERROR;
				CLANG_WARN_DOCUMENTATION_COMMENTS = YES;
				CLANG_WARN_EMPTY_BODY = YES;
				CLANG_WARN_ENUM_CONVERSION = YES;
				CLANG_WARN_INFINITE_RECURSION = YES;
				CLANG_WARN_INT_CONVERSION = YES;
				CLANG_WARN_NON_LITERAL_NULL_CONVERSION = YES;
				CLANG_WARN_OBJC_IMPLICIT_RETAIN_SELF = YES;
				CLANG_WARN_OBJC_LITERAL_CONVERSION = YES;
				CLANG_WARN_OBJC_ROOT_CLASS = YES_ERROR;
				CLANG_WARN_QUOTED_INCLUDE_IN_FRAMEWORK_HEADER = YES;
				CLANG_WARN_RANGE_LOOP_ANALYSIS = YES;
				CLANG_WARN_STRICT_PROTOTYPES = YES;
				CLANG_WARN_SUSPICIOUS_MOVE = YES;
				CLANG_WARN_UNGUARDED_AVAILABILITY = YES_AGGRESSIVE;
				CLANG_WARN_UNREACHABLE_CODE = YES;
				CLANG_WARN__DUPLICATE_METHOD_MATCH = YES;
				COPY_PHASE_STRIP = NO;
				DEBUG_INFORMATION_FORMAT = "dwarf-with-dsym";
				ENABLE_NS_ASSERTIONS = NO;
				ENABLE_STRICT_OBJC_MSGSEND = YES;
				GCC_C_LANGUAGE_STANDARD = gnu11;
				GCC_NO_COMMON_BLOCKS = YES;
				GCC_WARN_64_TO_32_BIT_CONVERSION = YES;
				GCC_WARN_ABOUT_RETURN_TYPE = YES_ERROR;
				GCC_WARN_UNDECLARED_SELECTOR = YES;
				GCC_WARN_UNINITIALIZED_AUTOS = YES_AGGRESSIVE;
				GCC_WARN_UNUSED_FUNCTION = YES;
				GCC_WARN_UNUSED_VARIABLE = YES;
				IPHONEOS_DEPLOYMENT_TARGET = 15.2;
				MTL_ENABLE_DEBUG_INFO = NO;
				MTL_FAST_MATH = YES;
				SDKROOT = iphoneos;
				SWIFT_COMPILATION_MODE = wholemodule;
				SWIFT_OPTIMIZATION_LEVEL = "-O";
				VALIDATE_PRODUCT = YES;
			};
			name = Release;
		};
		CCB8DCBF279509EE00233407 /* Debug */ = {
			isa = XCBuildConfiguration;
			buildSettings = {
				ASSETCATALOG_COMPILER_APPICON_NAME = AppIcon;
				ASSETCATALOG_COMPILER_GLOBAL_ACCENT_COLOR_NAME = AccentColor;
				CODE_SIGN_STYLE = Automatic;
				CURRENT_PROJECT_VERSION = 1;
				GENERATE_INFOPLIST_FILE = YES;
				INFOPLIST_FILE = "Test-SFMarketingCloudSDK/Info.plist";
				INFOPLIST_KEY_UIApplicationSupportsIndirectInputEvents = YES;
				INFOPLIST_KEY_UILaunchStoryboardName = LaunchScreen;
				INFOPLIST_KEY_UIMainStoryboardFile = Main;
				INFOPLIST_KEY_UISupportedInterfaceOrientations_iPad = "UIInterfaceOrientationPortrait UIInterfaceOrientationPortraitUpsideDown UIInterfaceOrientationLandscapeLeft UIInterfaceOrientationLandscapeRight";
				INFOPLIST_KEY_UISupportedInterfaceOrientations_iPhone = "UIInterfaceOrientationPortrait UIInterfaceOrientationLandscapeLeft UIInterfaceOrientationLandscapeRight";
				LD_RUNPATH_SEARCH_PATHS = (
					"$(inherited)",
					"@executable_path/Frameworks",
				);
				MARKETING_VERSION = 1.0;
				PRODUCT_BUNDLE_IDENTIFIER = "com.target.networking.Test-SFMarketingCloudSDK";
				PRODUCT_NAME = "$(TARGET_NAME)";
				SWIFT_EMIT_LOC_STRINGS = YES;
				SWIFT_VERSION = 5.0;
				TARGETED_DEVICE_FAMILY = "1,2";
			};
			name = Debug;
		};
		CCB8DCC0279509EE00233407 /* Release */ = {
			isa = XCBuildConfiguration;
			buildSettings = {
				ASSETCATALOG_COMPILER_APPICON_NAME = AppIcon;
				ASSETCATALOG_COMPILER_GLOBAL_ACCENT_COLOR_NAME = AccentColor;
				CODE_SIGN_STYLE = Automatic;
				CURRENT_PROJECT_VERSION = 1;
				GENERATE_INFOPLIST_FILE = YES;
				INFOPLIST_FILE = "Test-SFMarketingCloudSDK/Info.plist";
				INFOPLIST_KEY_UIApplicationSupportsIndirectInputEvents = YES;
				INFOPLIST_KEY_UILaunchStoryboardName = LaunchScreen;
				INFOPLIST_KEY_UIMainStoryboardFile = Main;
				INFOPLIST_KEY_UISupportedInterfaceOrientations_iPad = "UIInterfaceOrientationPortrait UIInterfaceOrientationPortraitUpsideDown UIInterfaceOrientationLandscapeLeft UIInterfaceOrientationLandscapeRight";
				INFOPLIST_KEY_UISupportedInterfaceOrientations_iPhone = "UIInterfaceOrientationPortrait UIInterfaceOrientationLandscapeLeft UIInterfaceOrientationLandscapeRight";
				LD_RUNPATH_SEARCH_PATHS = (
					"$(inherited)",
					"@executable_path/Frameworks",
				);
				MARKETING_VERSION = 1.0;
				PRODUCT_BUNDLE_IDENTIFIER = "com.target.networking.Test-SFMarketingCloudSDK";
				PRODUCT_NAME = "$(TARGET_NAME)";
				SWIFT_EMIT_LOC_STRINGS = YES;
				SWIFT_VERSION = 5.0;
				TARGETED_DEVICE_FAMILY = "1,2";
			};
			name = Release;
		};
/* End XCBuildConfiguration section */

/* Begin XCConfigurationList section */
		CCB8DCA5279509EC00233407 /* Build configuration list for PBXProject "Test-SFMarketingCloudSDK" */ = {
			isa = XCConfigurationList;
			buildConfigurations = (
				CCB8DCBC279509EE00233407 /* Debug */,
				CCB8DCBD279509EE00233407 /* Release */,
			);
			defaultConfigurationIsVisible = 0;
			defaultConfigurationName = Release;
		};
		CCB8DCBE279509EE00233407 /* Build configuration list for PBXNativeTarget "Test-SFMarketingCloudSDK" */ = {
			isa = XCConfigurationList;
			buildConfigurations = (
				CCB8DCBF279509EE00233407 /* Debug */,
				CCB8DCC0279509EE00233407 /* Release */,
			);
			defaultConfigurationIsVisible = 0;
			defaultConfigurationName = Release;
		};
/* End XCConfigurationList section */

/* Begin XCRemoteSwiftPackageReference section */
		CCB8DCC127950A6200233407 /* XCRemoteSwiftPackageReference "MarketingCloudSDK-iOS" */ = {
			isa = XCRemoteSwiftPackageReference;
			repositoryURL = "https://github.com/salesforce-marketingcloud/MarketingCloudSDK-iOS.git";
			requirement = {
				kind = exactVersion;
				version = 8.0.3;
			};
		};
/* End XCRemoteSwiftPackageReference section */

/* Begin XCSwiftPackageProductDependency section */
		CCB8DCC227950A6200233407 /* MarketingCloudSDK */ = {
			isa = XCSwiftPackageProductDependency;
			package = CCB8DCC127950A6200233407 /* XCRemoteSwiftPackageReference "MarketingCloudSDK-iOS" */;
			productName = MarketingCloudSDK;
		};
/* End XCSwiftPackageProductDependency section */
	};
	rootObject = CCB8DCA2279509EC00233407 /* Project object */;
}
